
Microsoft Visual Studio Solution File, Format Version 12.00
# Visual Studio Version 17
VisualStudioVersion = 17.1.32414.318
MinimumVisualStudioVersion = 10.0.40219.1
Project("{9A19103F-16F7-4668-BE54-9A1E7A4F7556}") = "HRDroneAPI", "HRDroneAPI\HRDroneAPI.csproj", "{3ADB2C89-8E9F-4C41-8E92-AB87916397A4}"
EndProject
Project("{9A19103F-16F7-4668-BE54-9A1E7A4F7556}") = "HRDrone.BusinessLogic", "HRDrone.BusinessLogic\HRDrone.BusinessLogic.csproj", "{309CB4B6-2493-472B-B7DF-835533D03B72}"
EndProject
Project("{9A19103F-16F7-4668-BE54-9A1E7A4F7556}") = "HRDrone.Database", "HRDrone.Database\HRDrone.Database.csproj", "{5B4B75C0-0DB3-40B6-881E-EF3427F63A4E}"
EndProject
Project("{9A19103F-16F7-4668-BE54-9A1E7A4F7556}") = "HRDrone.Entity", "HRDrone.Entity\HRDrone.Entity.csproj", "{5E2350F4-0F58-4320-A06C-F7DB05C9FF46}"
EndProject
Project("{FAE04EC0-301F-11D3-BF4B-00C04F79EFBC}") = "HRDrone.Operational", "HRDrone.Operational\HRDrone.Operational.csproj", "{4D87E9FB-9A81-4674-9C1C-38B12AB02081}"
EndProject
Global
	GlobalSection(SolutionConfigurationPlatforms) = preSolution
		Debug|Any CPU = Debug|Any CPU
		Release|Any CPU = Release|Any CPU
	EndGlobalSection
	GlobalSection(ProjectConfigurationPlatforms) = postSolution
		{3ADB2C89-8E9F-4C41-8E92-AB87916397A4}.Debug|Any CPU.ActiveCfg = Debug|Any CPU
		{3ADB2C89-8E9F-4C41-8E92-AB87916397A4}.Debug|Any CPU.Build.0 = Debug|Any CPU
		{3ADB2C89-8E9F-4C41-8E92-AB87916397A4}.Release|Any CPU.ActiveCfg = Release|Any CPU
		{3ADB2C89-8E9F-4C41-8E92-AB87916397A4}.Release|Any CPU.Build.0 = Release|Any CPU
		{309CB4B6-2493-472B-B7DF-835533D03B72}.Debug|Any CPU.ActiveCfg = Debug|Any CPU
		{309CB4B6-2493-472B-B7DF-835533D03B72}.Debug|Any CPU.Build.0 = Debug|Any CPU
		{309CB4B6-2493-472B-B7DF-835533D03B72}.Release|Any CPU.ActiveCfg = Release|Any CPU
		{309CB4B6-2493-472B-B7DF-835533D03B72}.Release|Any CPU.Build.0 = Release|Any CPU
		{5B4B75C0-0DB3-40B6-881E-EF3427F63A4E}.Debug|Any CPU.ActiveCfg = Debug|Any CPU
		{5B4B75C0-0DB3-40B6-881E-EF3427F63A4E}.Debug|Any CPU.Build.0 = Debug|Any CPU
		{5B4B75C0-0DB3-40B6-881E-EF3427F63A4E}.Release|Any CPU.ActiveCfg = Release|Any CPU
		{5B4B75C0-0DB3-40B6-881E-EF3427F63A4E}.Release|Any CPU.Build.0 = Release|Any CPU
		{5E2350F4-0F58-4320-A06C-F7DB05C9FF46}.Debug|Any CPU.ActiveCfg = Debug|Any CPU
		{5E2350F4-0F58-4320-A06C-F7DB05C9FF46}.Debug|Any CPU.Build.0 = Debug|Any CPU
		{5E2350F4-0F58-4320-A06C-F7DB05C9FF46}.Release|Any CPU.ActiveCfg = Release|Any CPU
		{5E2350F4-0F58-4320-A06C-F7DB05C9FF46}.Release|Any CPU.Build.0 = Release|Any CPU
		{4D87E9FB-9A81-4674-9C1C-38B12AB02081}.Debug|Any CPU.ActiveCfg = Debug|Any CPU
		{4D87E9FB-9A81-4674-9C1C-38B12AB02081}.Debug|Any CPU.Build.0 = Debug|Any CPU
		{4D87E9FB-9A81-4674-9C1C-38B12AB02081}.Release|Any CPU.ActiveCfg = Release|Any CPU
		{4D87E9FB-9A81-4674-9C1C-38B12AB02081}.Release|Any CPU.Build.0 = Release|Any CPU
	EndGlobalSection
	GlobalSection(SolutionProperties) = preSolution
		HideSolutionNode = FALSE
	EndGlobalSection
	GlobalSection(ExtensibilityGlobals) = postSolution
		SolutionGuid = {C06A0357-67DC-4243-A5DE-6EDA43CE319A}
	EndGlobalSection
EndGlobal
